{
  "object": {
    "pins": [
      {
        "package": "CoreBluetoothMock",
        "repositoryURL": "https://github.com/enricodk/IOS-CoreBluetooth-Mock.git",
        "state": {
          "branch": "multiplatform",
          "revision": "725088fb62c17aa8db3d45d1081cd1ff7f757564",
          "version": null
        }
      }
    ]
  },
  "version": 1
}
