{
  "object": {
    "pins": [
      {
        "package": "CoreBluetoothMock",
        "repositoryURL": "https://github.com/NordicSemiconductor/IOS-CoreBluetooth-Mock.git",
        "state": {
          "branch": null,
          "revision": "835c9785d41b824218f86c78154a61a3b3abb297",
          "version": "0.8.0"
        }
      }
    ]
  },
  "version": 1
}
